// !$*UTF8*$!
{
	archiveVersion = 1;
	classes = {
	};
	objectVersion = 46;
	objects = {

/* Begin PBXBuildFile section */
		AE2EFB0C609B279C7211D348 /* libPods.a in Frameworks */ = {isa = PBXBuildFile; fileRef = 91DBDCCC44D506B575BC0956 /* libPods.a */; };
		C46C3A3D1C50DCDD007313AA /* main.m in Sources */ = {isa = PBXBuildFile; fileRef = C46C3A3C1C50DCDD007313AA /* main.m */; };
		C46C3A401C50DCDD007313AA /* AppDelegate.m in Sources */ = {isa = PBXBuildFile; fileRef = C46C3A3F1C50DCDD007313AA /* AppDelegate.m */; };
		C46C3A431C50DCDD007313AA /* ViewController.m in Sources */ = {isa = PBXBuildFile; fileRef = C46C3A421C50DCDD007313AA /* ViewController.m */; };
		C46C3A461C50DCDD007313AA /* Main.storyboard in Resources */ = {isa = PBXBuildFile; fileRef = C46C3A441C50DCDD007313AA /* Main.storyboard */; };
		C46C3A491C50DCDD007313AA /* Moss.xcdatamodeld in Sources */ = {isa = PBXBuildFile; fileRef = C46C3A471C50DCDD007313AA /* Moss.xcdatamodeld */; };
		C46C3A4B1C50DCDD007313AA /* Assets.xcassets in Resources */ = {isa = PBXBuildFile; fileRef = C46C3A4A1C50DCDD007313AA /* Assets.xcassets */; };
		C46C3A4E1C50DCDD007313AA /* LaunchScreen.storyboard in Resources */ = {isa = PBXBuildFile; fileRef = C46C3A4C1C50DCDD007313AA /* LaunchScreen.storyboard */; };
/* End PBXBuildFile section */

/* Begin PBXFileReference section */
		91DBDCCC44D506B575BC0956 /* libPods.a */ = {isa = PBXFileReference; explicitFileType = archive.ar; includeInIndex = 0; path = libPods.a; sourceTree = BUILT_PRODUCTS_DIR; };
		C46C3A381C50DCDD007313AA /* Moss.app */ = {isa = PBXFileReference; explicitFileType = wrapper.application; includeInIndex = 0; path = Moss.app; sourceTree = BUILT_PRODUCTS_DIR; };
		C46C3A3C1C50DCDD007313AA /* main.m */ = {isa = PBXFileReference; lastKnownFileType = sourcecode.c.objc; path = main.m; sourceTree = "<group>"; };
		C46C3A3E1C50DCDD007313AA /* AppDelegate.h */ = {isa = PBXFileReference; lastKnownFileType = sourcecode.c.h; path = AppDelegate.h; sourceTree = "<group>"; };
		C46C3A3F1C50DCDD007313AA /* AppDelegate.m */ = {isa = PBXFileReference; lastKnownFileType = sourcecode.c.objc; path = AppDelegate.m; sourceTree = "<group>"; };
		C46C3A411C50DCDD007313AA /* ViewController.h */ = {isa = PBXFileReference; lastKnownFileType = sourcecode.c.h; path = ViewController.h; sourceTree = "<group>"; };
		C46C3A421C50DCDD007313AA /* ViewController.m */ = {isa = PBXFileReference; lastKnownFileType = sourcecode.c.objc; path = ViewController.m; sourceTree = "<group>"; };
		C46C3A451C50DCDD007313AA /* Base */ = {isa = PBXFileReference; lastKnownFileType = file.storyboard; name = Base; path = Base.lproj/Main.storyboard; sourceTree = "<group>"; };
		C46C3A481C50DCDD007313AA /* Moss.xcdatamodel */ = {isa = PBXFileReference; lastKnownFileType = wrapper.xcdatamodel; path = Moss.xcdatamodel; sourceTree = "<group>"; };
		C46C3A4A1C50DCDD007313AA /* Assets.xcassets */ = {isa = PBXFileReference; lastKnownFileType = folder.assetcatalog; path = Assets.xcassets; sourceTree = "<group>"; };
		C46C3A4D1C50DCDD007313AA /* Base */ = {isa = PBXFileReference; lastKnownFileType = file.storyboard; name = Base; path = Base.lproj/LaunchScreen.storyboard; sourceTree = "<group>"; };
		C46C3A4F1C50DCDD007313AA /* Info.plist */ = {isa = PBXFileReference; lastKnownFileType = text.plist.xml; path = Info.plist; sourceTree = "<group>"; };
		D4C1B7C1476136312CF59B8C /* Pods.debug.xcconfig */ = {isa = PBXFileReference; includeInIndex = 1; lastKnownFileType = text.xcconfig; name = Pods.debug.xcconfig; path = "Pods/Target Support Files/Pods/Pods.debug.xcconfig"; sourceTree = "<group>"; };
		E14DD986B40FFDC967DD7DAC /* Pods.release.xcconfig */ = {isa = PBXFileReference; includeInIndex = 1; lastKnownFileType = text.xcconfig; name = Pods.release.xcconfig; path = "Pods/Target Support Files/Pods/Pods.release.xcconfig"; sourceTree = "<group>"; };
/* End PBXFileReference section */

/* Begin PBXFrameworksBuildPhase section */
		C46C3A351C50DCDD007313AA /* Frameworks */ = {
			isa = PBXFrameworksBuildPhase;
			buildActionMask = 2147483647;
			files = (
				AE2EFB0C609B279C7211D348 /* libPods.a in Frameworks */,
			);
			runOnlyForDeploymentPostprocessing = 0;
		};
/* End PBXFrameworksBuildPhase section */

/* Begin PBXGroup section */
		45FDB0187690E83B8F42988D /* Pods */ = {
			isa = PBXGroup;
			children = (
				D4C1B7C1476136312CF59B8C /* Pods.debug.xcconfig */,
				E14DD986B40FFDC967DD7DAC /* Pods.release.xcconfig */,
			);
			name = Pods;
			sourceTree = "<group>";
		};
		B5AF8ED306EA1A38F504B859 /* Frameworks */ = {
			isa = PBXGroup;
			children = (
				91DBDCCC44D506B575BC0956 /* libPods.a */,
			);
			name = Frameworks;
			sourceTree = "<group>";
		};
		C46C3A2F1C50DCDD007313AA = {
			isa = PBXGroup;
			children = (
				C46C3A3A1C50DCDD007313AA /* Moss */,
				C46C3A391C50DCDD007313AA /* Products */,
				45FDB0187690E83B8F42988D /* Pods */,
				B5AF8ED306EA1A38F504B859 /* Frameworks */,
			);
			sourceTree = "<group>";
		};
		C46C3A391C50DCDD007313AA /* Products */ = {
			isa = PBXGroup;
			children = (
				C46C3A381C50DCDD007313AA /* Moss.app */,
			);
			name = Products;
			sourceTree = "<group>";
		};
		C46C3A3A1C50DCDD007313AA /* Moss */ = {
			isa = PBXGroup;
			children = (
				C46C3A3E1C50DCDD007313AA /* AppDelegate.h */,
				C46C3A3F1C50DCDD007313AA /* AppDelegate.m */,
				C46C3A411C50DCDD007313AA /* ViewController.h */,
				C46C3A421C50DCDD007313AA /* ViewController.m */,
				C46C3A441C50DCDD007313AA /* Main.storyboard */,
				C46C3A4A1C50DCDD007313AA /* Assets.xcassets */,
				C46C3A4C1C50DCDD007313AA /* LaunchScreen.storyboard */,
				C46C3A4F1C50DCDD007313AA /* Info.plist */,
				C46C3A471C50DCDD007313AA /* Moss.xcdatamodeld */,
				C46C3A3B1C50DCDD007313AA /* Supporting Files */,
			);
			path = Moss;
			sourceTree = "<group>";
		};
		C46C3A3B1C50DCDD007313AA /* Supporting Files */ = {
			isa = PBXGroup;
			children = (
				C46C3A3C1C50DCDD007313AA /* main.m */,
			);
			name = "Supporting Files";
			sourceTree = "<group>";
		};
/* End PBXGroup section */

/* Begin PBXNativeTarget section */
		C46C3A371C50DCDD007313AA /* Moss */ = {
			isa = PBXNativeTarget;
			buildConfigurationList = C46C3A521C50DCDD007313AA /* Build configuration list for PBXNativeTarget "Moss" */;
			buildPhases = (
				C42BDB59993404D10CD0D597 /* Check Pods Manifest.lock */,
				C46C3A341C50DCDD007313AA /* Sources */,
				C46C3A351C50DCDD007313AA /* Frameworks */,
				C46C3A361C50DCDD007313AA /* Resources */,
				B7AD3155B9DB2D668BBA39BC /* Embed Pods Frameworks */,
				F66900A862B9113EB227382A /* Copy Pods Resources */,
			);
			buildRules = (
			);
			dependencies = (
			);
			name = Moss;
			productName = Moss;
			productReference = C46C3A381C50DCDD007313AA /* Moss.app */;
			productType = "com.apple.product-type.application";
		};
/* End PBXNativeTarget section */

/* Begin PBXProject section */
		C46C3A301C50DCDD007313AA /* Project object */ = {
			isa = PBXProject;
			attributes = {
				LastUpgradeCheck = 0720;
				ORGANIZATIONNAME = Summer.;
				TargetAttributes = {
					C46C3A371C50DCDD007313AA = {
						CreatedOnToolsVersion = 7.2;
						DevelopmentTeam = D743H452Q5;
					};
				};
			};
			buildConfigurationList = C46C3A331C50DCDD007313AA /* Build configuration list for PBXProject "Moss" */;
			compatibilityVersion = "Xcode 3.2";
			developmentRegion = English;
			hasScannedForEncodings = 0;
			knownRegions = (
				en,
				Base,
			);
			mainGroup = C46C3A2F1C50DCDD007313AA;
			productRefGroup = C46C3A391C50DCDD007313AA /* Products */;
			projectDirPath = "";
			projectRoot = "";
			targets = (
				C46C3A371C50DCDD007313AA /* Moss */,
			);
		};
/* End PBXProject section */

/* Begin PBXResourcesBuildPhase section */
		C46C3A361C50DCDD007313AA /* Resources */ = {
			isa = PBXResourcesBuildPhase;
			buildActionMask = 2147483647;
			files = (
				C46C3A4E1C50DCDD007313AA /* LaunchScreen.storyboard in Resources */,
				C46C3A4B1C50DCDD007313AA /* Assets.xcassets in Resources */,
				C46C3A461C50DCDD007313AA /* Main.storyboard in Resources */,
			);
			runOnlyForDeploymentPostprocessing = 0;
		};
/* End PBXResourcesBuildPhase section */

/* Begin PBXShellScriptBuildPhase section */
		B7AD3155B9DB2D668BBA39BC /* Embed Pods Frameworks */ = {
			isa = PBXShellScriptBuildPhase;
			buildActionMask = 2147483647;
			files = (
			);
			inputPaths = (
			);
			name = "Embed Pods Frameworks";
			outputPaths = (
			);
			runOnlyForDeploymentPostprocessing = 0;
			shellPath = /bin/sh;
			shellScript = "\"${SRCROOT}/Pods/Target Support Files/Pods/Pods-frameworks.sh\"\n";
			showEnvVarsInLog = 0;
		};
		C42BDB59993404D10CD0D597 /* Check Pods Manifest.lock */ = {
			isa = PBXShellScriptBuildPhase;
			buildActionMask = 2147483647;
			files = (
			);
			inputPaths = (
			);
			name = "Check Pods Manifest.lock";
			outputPaths = (
			);
			runOnlyForDeploymentPostprocessing = 0;
			shellPath = /bin/sh;
			shellScript = "diff \"${PODS_ROOT}/../Podfile.lock\" \"${PODS_ROOT}/Manifest.lock\" > /dev/null\nif [[ $? != 0 ]] ; then\n    cat << EOM\nerror: The sandbox is not in sync with the Podfile.lock. Run 'pod install' or update your CocoaPods installation.\nEOM\n    exit 1\nfi\n";
			showEnvVarsInLog = 0;
		};
		F66900A862B9113EB227382A /* Copy Pods Resources */ = {
			isa = PBXShellScriptBuildPhase;
			buildActionMask = 2147483647;
			files = (
			);
			inputPaths = (
			);
			name = "Copy Pods Resources";
			outputPaths = (
			);
			runOnlyForDeploymentPostprocessing = 0;
			shellPath = /bin/sh;
			shellScript = "\"${SRCROOT}/Pods/Target Support Files/Pods/Pods-resources.sh\"\n";
			showEnvVarsInLog = 0;
		};
/* End PBXShellScriptBuildPhase section */

/* Begin PBXSourcesBuildPhase section */
		C46C3A341C50DCDD007313AA /* Sources */ = {
			isa = PBXSourcesBuildPhase;
			buildActionMask = 2147483647;
			files = (
				C46C3A431C50DCDD007313AA /* ViewController.m in Sources */,
				C46C3A401C50DCDD007313AA /* AppDelegate.m in Sources */,
				C46C3A3D1C50DCDD007313AA /* main.m in Sources */,
				C46C3A491C50DCDD007313AA /* Moss.xcdatamodeld in Sources */,
			);
			runOnlyForDeploymentPostprocessing = 0;
		};
/* End PBXSourcesBuildPhase section */

/* Begin PBXVariantGroup section */
		C46C3A441C50DCDD007313AA /* Main.storyboard */ = {
			isa = PBXVariantGroup;
			children = (
				C46C3A451C50DCDD007313AA /* Base */,
			);
			name = Main.storyboard;
			sourceTree = "<group>";
		};
		C46C3A4C1C50DCDD007313AA /* LaunchScreen.storyboard */ = {
			isa = PBXVariantGroup;
			children = (
				C46C3A4D1C50DCDD007313AA /* Base */,
			);
			name = LaunchScreen.storyboard;
			sourceTree = "<group>";
		};
/* End PBXVariantGroup section */

/* Begin XCBuildConfiguration section */
		C46C3A501C50DCDD007313AA /* Debug */ = {
			isa = XCBuildConfiguration;
			buildSettings = {
				ALWAYS_SEARCH_USER_PATHS = NO;
				CLANG_CXX_LANGUAGE_STANDARD = "gnu++0x";
				CLANG_CXX_LIBRARY = "libc++";
				CLANG_ENABLE_MODULES = YES;
				CLANG_ENABLE_OBJC_ARC = YES;
				CLANG_WARN_BOOL_CONVERSION = YES;
				CLANG_WARN_CONSTANT_CONVERSION = YES;
				CLANG_WARN_DIRECT_OBJC_ISA_USAGE = YES_ERROR;
				CLANG_WARN_EMPTY_BODY = YES;
				CLANG_WARN_ENUM_CONVERSION = YES;
				CLANG_WARN_INT_CONVERSION = YES;
				CLANG_WARN_OBJC_ROOT_CLASS = YES_ERROR;
				CLANG_WARN_UNREACHABLE_CODE = YES;
				CLANG_WARN__DUPLICATE_METHOD_MATCH = YES;
				"CODE_SIGN_IDENTITY[sdk=iphoneos*]" = "iPhone Developer";
				COPY_PHASE_STRIP = NO;
				DEBUG_INFORMATION_FORMAT = dwarf;
				ENABLE_STRICT_OBJC_MSGSEND = YES;
				ENABLE_TESTABILITY = YES;
				GCC_C_LANGUAGE_STANDARD = gnu99;
				GCC_DYNAMIC_NO_PIC = NO;
				GCC_NO_COMMON_BLOCKS = YES;
				GCC_OPTIMIZATION_LEVEL = 0;
				GCC_PREPROCESSOR_DEFINITIONS = (
					"DEBUG=1",
					"$(inherited)",
				);
				GCC_WARN_64_TO_32_BIT_CONVERSION = YES;
				GCC_WARN_ABOUT_RETURN_TYPE = YES_ERROR;
				GCC_WARN_UNDECLARED_SELECTOR = YES;
				GCC_WARN_UNINITIALIZED_AUTOS = YES_AGGRESSIVE;
				GCC_WARN_UNUSED_FUNCTION = YES;
				GCC_WARN_UNUSED_VARIABLE = YES;
				IPHONEOS_DEPLOYMENT_TARGET = 9.2;
				MTL_ENABLE_DEBUG_INFO = YES;
				ONLY_ACTIVE_ARCH = YES;
				SDKROOT = iphoneos;
			};
			name = Debug;
		};
		C46C3A511C50DCDD007313AA /* Release */ = {
			isa = XCBuildConfiguration;
			buildSettings = {
				ALWAYS_SEARCH_USER_PATHS = NO;
				CLANG_CXX_LANGUAGE_STANDARD = "gnu++0x";
				CLANG_CXX_LIBRARY = "libc++";
				CLANG_ENABLE_MODULES = YES;
				CLANG_ENABLE_OBJC_ARC = YES;
				CLANG_WARN_BOOL_CONVERSION = YES;
				CLANG_WARN_CONSTANT_CONVERSION = YES;
				CLANG_WARN_DIRECT_OBJC_ISA_USAGE = YES_ERROR;
				CLANG_WARN_EMPTY_BODY = YES;
				CLANG_WARN_ENUM_CONVERSION = YES;
				CLANG_WARN_INT_CONVERSION = YES;
				CLANG_WARN_OBJC_ROOT_CLASS = YES_ERROR;
				CLANG_WARN_UNREACHABLE_CODE = YES;
				CLANG_WARN__DUPLICATE_METHOD_MATCH = YES;
				"CODE_SIGN_IDENTITY[sdk=iphoneos*]" = "iPhone Developer";
				COPY_PHASE_STRIP = NO;
				DEBUG_INFORMATION_FORMAT = "dwarf-with-dsym";
				ENABLE_NS_ASSERTIONS = NO;
				ENABLE_STRICT_OBJC_MSGSEND = YES;
				GCC_C_LANGUAGE_STANDARD = gnu99;
				GCC_NO_COMMON_BLOCKS = YES;
				GCC_WARN_64_TO_32_BIT_CONVERSION = YES;
				GCC_WARN_ABOUT_RETURN_TYPE = YES_ERROR;
				GCC_WARN_UNDECLARED_SELECTOR = YES;
				GCC_WARN_UNINITIALIZED_AUTOS = YES_AGGRESSIVE;
				GCC_WARN_UNUSED_FUNCTION = YES;
				GCC_WARN_UNUSED_VARIABLE = YES;
				IPHONEOS_DEPLOYMENT_TARGET = 9.2;
				MTL_ENABLE_DEBUG_INFO = NO;
				SDKROOT = iphoneos;
				VALIDATE_PRODUCT = YES;
			};
			name = Release;
		};
		C46C3A531C50DCDD007313AA /* Debug */ = {
			isa = XCBuildConfiguration;
			baseConfigurationReference = D4C1B7C1476136312CF59B8C /* Pods.debug.xcconfig */;
			buildSettings = {
				ASSETCATALOG_COMPILER_APPICON_NAME = AppIcon;
				INFOPLIST_FILE = Moss/Info.plist;
				LD_RUNPATH_SEARCH_PATHS = "$(inherited) @executable_path/Frameworks";
				PRODUCT_BUNDLE_IDENTIFIER = com.drartisan.Moss;
				PRODUCT_NAME = "$(TARGET_NAME)";
			};
			name = Debug;
		};
		C46C3A541C50DCDD007313AA /* Release */ = {
			isa = XCBuildConfiguration;
			baseConfigurationReference = E14DD986B40FFDC967DD7DAC /* Pods.release.xcconfig */;
			buildSettings = {
				ASSETCATALOG_COMPILER_APPICON_NAME = AppIcon;
				INFOPLIST_FILE = Moss/Info.plist;
				LD_RUNPATH_SEARCH_PATHS = "$(inherited) @executable_path/Frameworks";
				PRODUCT_BUNDLE_IDENTIFIER = com.drartisan.Moss;
				PRODUCT_NAME = "$(TARGET_NAME)";
			};
			name = Release;
		};
/* End XCBuildConfiguration section */

/* Begin XCConfigurationList section */
		C46C3A331C50DCDD007313AA /* Build configuration list for PBXProject "Moss" */ = {
			isa = XCConfigurationList;
			buildConfigurations = (
				C46C3A501C50DCDD007313AA /* Debug */,
				C46C3A511C50DCDD007313AA /* Release */,
			);
			defaultConfigurationIsVisible = 0;
			defaultConfigurationName = Release;
		};
		C46C3A521C50DCDD007313AA /* Build configuration list for PBXNativeTarget "Moss" */ = {
			isa = XCConfigurationList;
			buildConfigurations = (
				C46C3A531C50DCDD007313AA /* Debug */,
				C46C3A541C50DCDD007313AA /* Release */,
			);
			defaultConfigurationIsVisible = 0;
			defaultConfigurationName = Release;
		};
/* End XCConfigurationList section */

/* Begin XCVersionGroup section */
		C46C3A471C50DCDD007313AA /* Moss.xcdatamodeld */ = {
			isa = XCVersionGroup;
			children = (
				C46C3A481C50DCDD007313AA /* Moss.xcdatamodel */,
			);
			currentVersion = C46C3A481C50DCDD007313AA /* Moss.xcdatamodel */;
			path = Moss.xcdatamodeld;
			sourceTree = "<group>";
			versionGroupType = wrapper.xcdatamodel;
		};
/* End XCVersionGroup section */
	};
	rootObject = C46C3A301C50DCDD007313AA /* Project object */;
}
